
Microsoft Visual Studio Solution File, Format Version 12.00
# Visual Studio Version 17
VisualStudioVersion = 17.0.31903.59
MinimumVisualStudioVersion = 10.0.40219.1
Project("{2150E333-8FDC-42A3-9474-1A3956D46DE8}") = "src", "src", "{827E0CD3-B72D-47B6-A68D-7590B98EB39B}"
EndProject
Project("{FAE04EC0-301F-11D3-BF4B-00C04F79EFBC}") = "SmartX.Domain", "src\SmartX.Domain\SmartX.Domain.csproj", "{7B1FFB95-4D73-458F-B0D6-667696FA8358}"
EndProject
Project("{FAE04EC0-301F-11D3-BF4B-00C04F79EFBC}") = "SmartX.Application", "src\SmartX.Application\SmartX.Application.csproj", "{6E0FB801-6491-49D7-9CD7-A1A2656D497F}"
EndProject
Project("{FAE04EC0-301F-11D3-BF4B-00C04F79EFBC}") = "SmartX.Infrastructure", "src\SmartX.Infrastructure\SmartX.Infrastructure.csproj", "{6D53CE48-D9FB-4D6D-8750-4F2B9030EFCF}"
EndProject
Project("{FAE04EC0-301F-11D3-BF4B-00C04F79EFBC}") = "SmartX.Api", "src\SmartX.Api\SmartX.Api.csproj", "{3FA49C62-233F-4BFB-8C74-E156BB13E47D}"
EndProject
Project("{2150E333-8FDC-42A3-9474-1A3956D46DE8}") = "tests", "tests", "{0AB3BF05-4346-4AA6-1389-037BE0695223}"
EndProject
Project("{FAE04EC0-301F-11D3-BF4B-00C04F79EFBC}") = "SmartX.Tests", "tests\SmartX.Tests\SmartX.Tests.csproj", "{F1B9A7BF-CC3D-4E31-9A88-B0155C32BACD}"
EndProject
Global
	GlobalSection(SolutionConfigurationPlatforms) = preSolution
		Debug|Any CPU = Debug|Any CPU
		Debug|x64 = Debug|x64
		Debug|x86 = Debug|x86
		Release|Any CPU = Release|Any CPU
		Release|x64 = Release|x64
		Release|x86 = Release|x86
	EndGlobalSection
	GlobalSection(ProjectConfigurationPlatforms) = postSolution
		{7B1FFB95-4D73-458F-B0D6-667696FA8358}.Debug|Any CPU.ActiveCfg = Debug|Any CPU
		{7B1FFB95-4D73-458F-B0D6-667696FA8358}.Debug|Any CPU.Build.0 = Debug|Any CPU
		{7B1FFB95-4D73-458F-B0D6-667696FA8358}.Debug|x64.ActiveCfg = Debug|Any CPU
		{7B1FFB95-4D73-458F-B0D6-667696FA8358}.Debug|x64.Build.0 = Debug|Any CPU
		{7B1FFB95-4D73-458F-B0D6-667696FA8358}.Debug|x86.ActiveCfg = Debug|Any CPU
		{7B1FFB95-4D73-458F-B0D6-667696FA8358}.Debug|x86.Build.0 = Debug|Any CPU
		{7B1FFB95-4D73-458F-B0D6-667696FA8358}.Release|Any CPU.ActiveCfg = Release|Any CPU
		{7B1FFB95-4D73-458F-B0D6-667696FA8358}.Release|Any CPU.Build.0 = Release|Any CPU
		{7B1FFB95-4D73-458F-B0D6-667696FA8358}.Release|x64.ActiveCfg = Release|Any CPU
		{7B1FFB95-4D73-458F-B0D6-667696FA8358}.Release|x64.Build.0 = Release|Any CPU
		{7B1FFB95-4D73-458F-B0D6-667696FA8358}.Release|x86.ActiveCfg = Release|Any CPU
		{7B1FFB95-4D73-458F-B0D6-667696FA8358}.Release|x86.Build.0 = Release|Any CPU
		{6E0FB801-6491-49D7-9CD7-A1A2656D497F}.Debug|Any CPU.ActiveCfg = Debug|Any CPU
		{6E0FB801-6491-49D7-9CD7-A1A2656D497F}.Debug|Any CPU.Build.0 = Debug|Any CPU
		{6E0FB801-6491-49D7-9CD7-A1A2656D497F}.Debug|x64.ActiveCfg = Debug|Any CPU
		{6E0FB801-6491-49D7-9CD7-A1A2656D497F}.Debug|x64.Build.0 = Debug|Any CPU
		{6E0FB801-6491-49D7-9CD7-A1A2656D497F}.Debug|x86.ActiveCfg = Debug|Any CPU
		{6E0FB801-6491-49D7-9CD7-A1A2656D497F}.Debug|x86.Build.0 = Debug|Any CPU
		{6E0FB801-6491-49D7-9CD7-A1A2656D497F}.Release|Any CPU.ActiveCfg = Release|Any CPU
		{6E0FB801-6491-49D7-9CD7-A1A2656D497F}.Release|Any CPU.Build.0 = Release|Any CPU
		{6E0FB801-6491-49D7-9CD7-A1A2656D497F}.Release|x64.ActiveCfg = Release|Any CPU
		{6E0FB801-6491-49D7-9CD7-A1A2656D497F}.Release|x64.Build.0 = Release|Any CPU
		{6E0FB801-6491-49D7-9CD7-A1A2656D497F}.Release|x86.ActiveCfg = Release|Any CPU
		{6E0FB801-6491-49D7-9CD7-A1A2656D497F}.Release|x86.Build.0 = Release|Any CPU
		{6D53CE48-D9FB-4D6D-8750-4F2B9030EFCF}.Debug|Any CPU.ActiveCfg = Debug|Any CPU
		{6D53CE48-D9FB-4D6D-8750-4F2B9030EFCF}.Debug|Any CPU.Build.0 = Debug|Any CPU
		{6D53CE48-D9FB-4D6D-8750-4F2B9030EFCF}.Debug|x64.ActiveCfg = Debug|Any CPU
		{6D53CE48-D9FB-4D6D-8750-4F2B9030EFCF}.Debug|x64.Build.0 = Debug|Any CPU
		{6D53CE48-D9FB-4D6D-8750-4F2B9030EFCF}.Debug|x86.ActiveCfg = Debug|Any CPU
		{6D53CE48-D9FB-4D6D-8750-4F2B9030EFCF}.Debug|x86.Build.0 = Debug|Any CPU
		{6D53CE48-D9FB-4D6D-8750-4F2B9030EFCF}.Release|Any CPU.ActiveCfg = Release|Any CPU
		{6D53CE48-D9FB-4D6D-8750-4F2B9030EFCF}.Release|Any CPU.Build.0 = Release|Any CPU
		{6D53CE48-D9FB-4D6D-8750-4F2B9030EFCF}.Release|x64.ActiveCfg = Release|Any CPU
		{6D53CE48-D9FB-4D6D-8750-4F2B9030EFCF}.Release|x64.Build.0 = Release|Any CPU
		{6D53CE48-D9FB-4D6D-8750-4F2B9030EFCF}.Release|x86.ActiveCfg = Release|Any CPU
		{6D53CE48-D9FB-4D6D-8750-4F2B9030EFCF}.Release|x86.Build.0 = Release|Any CPU
		{3FA49C62-233F-4BFB-8C74-E156BB13E47D}.Debug|Any CPU.ActiveCfg = Debug|Any CPU
		{3FA49C62-233F-4BFB-8C74-E156BB13E47D}.Debug|Any CPU.Build.0 = Debug|Any CPU
		{3FA49C62-233F-4BFB-8C74-E156BB13E47D}.Debug|x64.ActiveCfg = Debug|Any CPU
		{3FA49C62-233F-4BFB-8C74-E156BB13E47D}.Debug|x64.Build.0 = Debug|Any CPU
		{3FA49C62-233F-4BFB-8C74-E156BB13E47D}.Debug|x86.ActiveCfg = Debug|Any CPU
		{3FA49C62-233F-4BFB-8C74-E156BB13E47D}.Debug|x86.Build.0 = Debug|Any CPU
		{3FA49C62-233F-4BFB-8C74-E156BB13E47D}.Release|Any CPU.ActiveCfg = Release|Any CPU
		{3FA49C62-233F-4BFB-8C74-E156BB13E47D}.Release|Any CPU.Build.0 = Release|Any CPU
		{3FA49C62-233F-4BFB-8C74-E156BB13E47D}.Release|x64.ActiveCfg = Release|Any CPU
		{3FA49C62-233F-4BFB-8C74-E156BB13E47D}.Release|x64.Build.0 = Release|Any CPU
		{3FA49C62-233F-4BFB-8C74-E156BB13E47D}.Release|x86.ActiveCfg = Release|Any CPU
		{3FA49C62-233F-4BFB-8C74-E156BB13E47D}.Release|x86.Build.0 = Release|Any CPU
		{F1B9A7BF-CC3D-4E31-9A88-B0155C32BACD}.Debug|Any CPU.ActiveCfg = Debug|Any CPU
		{F1B9A7BF-CC3D-4E31-9A88-B0155C32BACD}.Debug|Any CPU.Build.0 = Debug|Any CPU
		{F1B9A7BF-CC3D-4E31-9A88-B0155C32BACD}.Debug|x64.ActiveCfg = Debug|Any CPU
		{F1B9A7BF-CC3D-4E31-9A88-B0155C32BACD}.Debug|x64.Build.0 = Debug|Any CPU
		{F1B9A7BF-CC3D-4E31-9A88-B0155C32BACD}.Debug|x86.ActiveCfg = Debug|Any CPU
		{F1B9A7BF-CC3D-4E31-9A88-B0155C32BACD}.Debug|x86.Build.0 = Debug|Any CPU
		{F1B9A7BF-CC3D-4E31-9A88-B0155C32BACD}.Release|Any CPU.ActiveCfg = Release|Any CPU
		{F1B9A7BF-CC3D-4E31-9A88-B0155C32BACD}.Release|Any CPU.Build.0 = Release|Any CPU
		{F1B9A7BF-CC3D-4E31-9A88-B0155C32BACD}.Release|x64.ActiveCfg = Release|Any CPU
		{F1B9A7BF-CC3D-4E31-9A88-B0155C32BACD}.Release|x64.Build.0 = Release|Any CPU
		{F1B9A7BF-CC3D-4E31-9A88-B0155C32BACD}.Release|x86.ActiveCfg = Release|Any CPU
		{F1B9A7BF-CC3D-4E31-9A88-B0155C32BACD}.Release|x86.Build.0 = Release|Any CPU
	EndGlobalSection
	GlobalSection(SolutionProperties) = preSolution
		HideSolutionNode = FALSE
	EndGlobalSection
	GlobalSection(NestedProjects) = preSolution
		{7B1FFB95-4D73-458F-B0D6-667696FA8358} = {827E0CD3-B72D-47B6-A68D-7590B98EB39B}
		{6E0FB801-6491-49D7-9CD7-A1A2656D497F} = {827E0CD3-B72D-47B6-A68D-7590B98EB39B}
		{6D53CE48-D9FB-4D6D-8750-4F2B9030EFCF} = {827E0CD3-B72D-47B6-A68D-7590B98EB39B}
		{3FA49C62-233F-4BFB-8C74-E156BB13E47D} = {827E0CD3-B72D-47B6-A68D-7590B98EB39B}
		{F1B9A7BF-CC3D-4E31-9A88-B0155C32BACD} = {0AB3BF05-4346-4AA6-1389-037BE0695223}
	EndGlobalSection
EndGlobal
